
Microsoft Visual Studio Solution File, Format Version 12.00
# Visual Studio 15
Project("{FAE04EC0-301F-11D3-BF4B-00C04F79EFBC}") = "MCSD-70-483", "MCSD-70-483\MCSD-70-483.csproj", "{85197A18-4005-4751-850D-40B7911A3D57}"
EndProject
Global
	GlobalSection(SolutionConfigurationPlatforms) = preSolution
		Debug|anycpu = Debug|anycpu
		Release|anycpu = Release|anycpu
	EndGlobalSection
	GlobalSection(ProjectConfigurationPlatforms) = postSolution
		{85197A18-4005-4751-850D-40B7911A3D57}.Debug|anycpu.ActiveCfg = Debug|anycpu
		{85197A18-4005-4751-850D-40B7911A3D57}.Debug|anycpu.Build.0 = Debug|anycpu
		{85197A18-4005-4751-850D-40B7911A3D57}.Release|anycpu.ActiveCfg = Release|anycpu
		{85197A18-4005-4751-850D-40B7911A3D57}.Release|anycpu.Build.0 = Release|anycpu
	EndGlobalSection
	GlobalSection(MonoDevelopProperties) = preSolution
		Policies = $0
		$0.DotNetNamingPolicy = $1
		$1.DirectoryNamespaceAssociation = PrefixedHierarchical
		$0.StandardHeader = $2
		$0.VersionControlPolicy = $3
	EndGlobalSection
EndGlobal
